<?xml version="1.0" encoding="utf-8"?>
<Project ToolsVersion="4.0" xmlns="http://schemas.microsoft.com/developer/msbuild/2003">
  <ItemGroup>
    <Filter Include="Source Files">
      <UniqueIdentifier>{4FC737F1-C7A5-4376-A066-2A32D752A2FF}</UniqueIdentifier>
      <Extensions>cpp;c;cc;cxx;c++;cppm;ixx;def;odl;idl;hpj;bat;asm;asmx</Extensions>
    </Filter>
    <Filter Include="Header Files">
      <UniqueIdentifier>{93995380-89BD-4b04-88EB-625FBE52EBFB}</UniqueIdentifier>
      <Extensions>h;hh;hpp;hxx;h++;hm;inl;inc;ipp;xsd</Extensions>
    </Filter>
    <Filter Include="Resource Files">
      <UniqueIdentifier>{67DA6AB6-F800-4c08-8B7A-83BB121AAD01}</UniqueIdentifier>
      <Extensions>rc;ico;cur;bmp;dlg;rc2;rct;bin;rgs;gif;jpg;jpeg;jpe;resx;tiff;tif;png;wav;mfcribbon-ms</Extensions>
    </Filter>
  </ItemGroup>
  <ItemGroup>
    <ClCompile Include="main.cpp">
      <Filter>Source Files</Filter>
    </ClCompile>
    <ClCompile Include="RGBColor\rgbColor.cpp">
      <Filter>Source Files</Filter>
    </ClCompile>
    <ClCompile Include="Shape\shape.cpp">
      <Filter>Source Files</Filter>
    </ClCompile>
    <ClCompile Include="Shape\Rectangle\rectangle.cpp">
      <Filter>Source Files</Filter>
    </ClCompile>
    <ClCompile Include="process\process.cpp">
      <Filter>Source Files</Filter>
    </ClCompile>
    <ClCompile Include="shape\square\square.cpp">
      <Filter>Source Files</Filter>
    </ClCompile>
    <ClCompile Include="shape\isosRightTriangle\isosRightTriangle.cpp">
      <Filter>Source Files</Filter>
    </ClCompile>
    <ClCompile Include="shape\equilTriangle\equilTriangle.cpp">
      <Filter>Source Files</Filter>
    </ClCompile>
    <ClCompile Include="shape\circle\circle.cpp">
      <Filter>Source Files</Filter>
    </ClCompile>
    <ClCompile Include="shape\ellipse\ellipse.cpp">
      <Filter>Source Files</Filter>
    </ClCompile>
    <ClCompile Include="shape\polygon\polygon.cpp">
      <Filter>Source Files</Filter>
    </ClCompile>
    <ClCompile Include="shape\polygon\pentagon\pentagon.cpp">
      <Filter>Source Files</Filter>
    </ClCompile>
    <ClCompile Include="shape\polygon\hexagon\hexagon.cpp">
      <Filter>Source Files</Filter>
    </ClCompile>
    <ClCompile Include="shape\arrow\arrow.cpp">
      <Filter>Source Files</Filter>
    </ClCompile>
    <ClCompile Include="shape\star\star.cpp">
      <Filter>Source Files</Filter>
    </ClCompile>
    <ClCompile Include="shape\plus\plus.cpp">
      <Filter>Source Files</Filter>
    </ClCompile>
    <ClCompile Include="shape\minus\minus.cpp">
      <Filter>Source Files</Filter>
    </ClCompile>
    <ClCompile Include="shape\multiply\multiply.cpp">
      <Filter>Source Files</Filter>
    </ClCompile>
    <ClCompile Include="shape\division\division.cpp">
      <Filter>Source Files</Filter>
    </ClCompile>
    <ClCompile Include="shape\line\line.cpp">
      <Filter>Source Files</Filter>
    </ClCompile>
  </ItemGroup>
  <ItemGroup>
    <ClInclude Include="constant.h">
      <Filter>Header Files</Filter>
    </ClInclude>
    <ClInclude Include="main.h">
      <Filter>Header Files</Filter>
    </ClInclude>
    <ClInclude Include="RGBColor\rgbColor.h">
      <Filter>Header Files</Filter>
    </ClInclude>
    <ClInclude Include="Shape\shape.h">
      <Filter>Header Files</Filter>
    </ClInclude>
    <ClInclude Include="Shape\Rectangle\rectangle.h">
      <Filter>Header Files</Filter>
    </ClInclude>
    <ClInclude Include="process\process.h">
      <Filter>Header Files</Filter>
    </ClInclude>
    <ClInclude Include="shape\square\square.h">
      <Filter>Header Files</Filter>
    </ClInclude>
    <ClInclude Include="shape\isosRightTriangle\isosRightTriangle.h">
      <Filter>Header Files</Filter>
    </ClInclude>
    <ClInclude Include="shape\equilTriangle\equilTriangle.h">
      <Filter>Header Files</Filter>
    </ClInclude>
    <ClInclude Include="shape\circle\circle.h">
      <Filter>Header Files</Filter>
    </ClInclude>
    <ClInclude Include="shape\ellipse\ellipse.h">
      <Filter>Header Files</Filter>
    </ClInclude>
    <ClInclude Include="shape\polygon\polygon.h">
      <Filter>Header Files</Filter>
    </ClInclude>
    <ClInclude Include="shape\polygon\pentagon\pentagon.h">
      <Filter>Header Files</Filter>
    </ClInclude>
    <ClInclude Include="shape\polygon\hexagon\hexagon.h">
      <Filter>Header Files</Filter>
    </ClInclude>
    <ClInclude Include="shape\arrow\arrow.h">
      <Filter>Header Files</Filter>
    </ClInclude>
    <ClInclude Include="shape\star\star.h">
      <Filter>Header Files</Filter>
    </ClInclude>
    <ClInclude Include="shape\plus\plus.h">
      <Filter>Header Files</Filter>
    </ClInclude>
    <ClInclude Include="shape\minus\minus.h">
      <Filter>Header Files</Filter>
    </ClInclude>
    <ClInclude Include="shape\multiply\multiply.h">
      <Filter>Header Files</Filter>
    </ClInclude>
    <ClInclude Include="shape\division\division.h">
      <Filter>Header Files</Filter>
    </ClInclude>
    <ClInclude Include="shape\line\line.h">
      <Filter>Header Files</Filter>
    </ClInclude>
  </ItemGroup>
</Project>